// !$*UTF8*$!
{
	archiveVersion = 1;
	classes = {
	};
	objectVersion = 56;
	objects = {

/* Begin PBXBuildFile section */
		C72F78B02B440CAF000A226C /* Triangle.swift in Sources */ = {isa = PBXBuildFile; fileRef = C72F78AF2B440CAF000A226C /* Triangle.swift */; };
		C76593CD2B4A734300FE2A60 /* TranslateViewModel.swift in Sources */ = {isa = PBXBuildFile; fileRef = C76593CC2B4A734300FE2A60 /* TranslateViewModel.swift */; };
		C7918A842B408CF500947483 /* RateService.swift in Sources */ = {isa = PBXBuildFile; fileRef = C7918A832B408CF500947483 /* RateService.swift */; };
		C7A364F92B413EE700663BFD /* ExchangeRateModel.swift in Sources */ = {isa = PBXBuildFile; fileRef = C7A364F82B413EE700663BFD /* ExchangeRateModel.swift */; };
		C7A364FB2B414C6B00663BFD /* NetworkError.swift in Sources */ = {isa = PBXBuildFile; fileRef = C7A364FA2B414C6B00663BFD /* NetworkError.swift */; };
		C7A364FE2B415D7300663BFD /* Endpoint.swift in Sources */ = {isa = PBXBuildFile; fileRef = C7A364FD2B415D7300663BFD /* Endpoint.swift */; };
		C7A365002B415E4000663BFD /* ChinaPriceRequest.swift in Sources */ = {isa = PBXBuildFile; fileRef = C7A364FF2B415E4000663BFD /* ChinaPriceRequest.swift */; };
		C7AECB2C2B42832F000F5424 /* TranslateView.swift in Sources */ = {isa = PBXBuildFile; fileRef = C7AECB2B2B42832F000F5424 /* TranslateView.swift */; };
		C7AECB2E2B429BFC000F5424 /* Date+.swift in Sources */ = {isa = PBXBuildFile; fileRef = C7AECB2D2B429BFC000F5424 /* Date+.swift */; };
		C7AECB302B429E5E000F5424 /* String+.swift in Sources */ = {isa = PBXBuildFile; fileRef = C7AECB2F2B429E5E000F5424 /* String+.swift */; };
		C7BDE0202B401D0A00F20624 /* MainTabView.swift in Sources */ = {isa = PBXBuildFile; fileRef = C7BDE01F2B401D0A00F20624 /* MainTabView.swift */; };
		C7BDE0232B401D2F00F20624 /* RateView.swift in Sources */ = {isa = PBXBuildFile; fileRef = C7BDE0222B401D2F00F20624 /* RateView.swift */; };
		C7BDE0252B401D4500F20624 /* RateViewModel.swift in Sources */ = {isa = PBXBuildFile; fileRef = C7BDE0242B401D4500F20624 /* RateViewModel.swift */; };
		C7BDE0282B40596000F20624 /* SecretKey.plist in Resources */ = {isa = PBXBuildFile; fileRef = C7BDE0272B40596000F20624 /* SecretKey.plist */; };
		C7BDE02A2B405ACF00F20624 /* Bundle+.swift in Sources */ = {isa = PBXBuildFile; fileRef = C7BDE0292B405ACF00F20624 /* Bundle+.swift */; };
		C7BDE02D2B4061FE00F20624 /* RateDTO.swift in Sources */ = {isa = PBXBuildFile; fileRef = C7BDE02C2B4061FE00F20624 /* RateDTO.swift */; };
		C7C35CA32B3F2D400079DBFF /* quChinaApp.swift in Sources */ = {isa = PBXBuildFile; fileRef = C7C35CA22B3F2D400079DBFF /* quChinaApp.swift */; };
		C7C35CA52B3F2D400079DBFF /* ContentView.swift in Sources */ = {isa = PBXBuildFile; fileRef = C7C35CA42B3F2D400079DBFF /* ContentView.swift */; };
		C7C35CA72B3F2D410079DBFF /* Assets.xcassets in Resources */ = {isa = PBXBuildFile; fileRef = C7C35CA62B3F2D410079DBFF /* Assets.xcassets */; };
		C7C35CAA2B3F2D410079DBFF /* Preview Assets.xcassets in Resources */ = {isa = PBXBuildFile; fileRef = C7C35CA92B3F2D410079DBFF /* Preview Assets.xcassets */; };
		C7C35CB62B3F2ECB0079DBFF /* Colors.xcassets in Resources */ = {isa = PBXBuildFile; fileRef = C7C35CB52B3F2ECB0079DBFF /* Colors.xcassets */; };
		C7C35CB82B3F30D70079DBFF /* Color+.swift in Sources */ = {isa = PBXBuildFile; fileRef = C7C35CB72B3F30D70079DBFF /* Color+.swift */; };
/* End PBXBuildFile section */

/* Begin PBXFileReference section */
		C72F78AF2B440CAF000A226C /* Triangle.swift */ = {isa = PBXFileReference; lastKnownFileType = sourcecode.swift; path = Triangle.swift; sourceTree = "<group>"; };
		C76593CC2B4A734300FE2A60 /* TranslateViewModel.swift */ = {isa = PBXFileReference; lastKnownFileType = sourcecode.swift; path = TranslateViewModel.swift; sourceTree = "<group>"; };
		C7918A832B408CF500947483 /* RateService.swift */ = {isa = PBXFileReference; lastKnownFileType = sourcecode.swift; path = RateService.swift; sourceTree = "<group>"; };
		C7A364F82B413EE700663BFD /* ExchangeRateModel.swift */ = {isa = PBXFileReference; lastKnownFileType = sourcecode.swift; path = ExchangeRateModel.swift; sourceTree = "<group>"; };
		C7A364FA2B414C6B00663BFD /* NetworkError.swift */ = {isa = PBXFileReference; lastKnownFileType = sourcecode.swift; path = NetworkError.swift; sourceTree = "<group>"; };
		C7A364FD2B415D7300663BFD /* Endpoint.swift */ = {isa = PBXFileReference; lastKnownFileType = sourcecode.swift; path = Endpoint.swift; sourceTree = "<group>"; };
		C7A364FF2B415E4000663BFD /* ChinaPriceRequest.swift */ = {isa = PBXFileReference; lastKnownFileType = sourcecode.swift; path = ChinaPriceRequest.swift; sourceTree = "<group>"; };
		C7AECB2B2B42832F000F5424 /* TranslateView.swift */ = {isa = PBXFileReference; lastKnownFileType = sourcecode.swift; path = TranslateView.swift; sourceTree = "<group>"; };
		C7AECB2D2B429BFC000F5424 /* Date+.swift */ = {isa = PBXFileReference; lastKnownFileType = sourcecode.swift; path = "Date+.swift"; sourceTree = "<group>"; };
		C7AECB2F2B429E5E000F5424 /* String+.swift */ = {isa = PBXFileReference; lastKnownFileType = sourcecode.swift; path = "String+.swift"; sourceTree = "<group>"; };
		C7BDE01F2B401D0A00F20624 /* MainTabView.swift */ = {isa = PBXFileReference; lastKnownFileType = sourcecode.swift; path = MainTabView.swift; sourceTree = "<group>"; };
		C7BDE0222B401D2F00F20624 /* RateView.swift */ = {isa = PBXFileReference; lastKnownFileType = sourcecode.swift; path = RateView.swift; sourceTree = "<group>"; };
		C7BDE0242B401D4500F20624 /* RateViewModel.swift */ = {isa = PBXFileReference; lastKnownFileType = sourcecode.swift; path = RateViewModel.swift; sourceTree = "<group>"; };
		C7BDE0272B40596000F20624 /* SecretKey.plist */ = {isa = PBXFileReference; lastKnownFileType = text.plist.xml; path = SecretKey.plist; sourceTree = "<group>"; };
		C7BDE0292B405ACF00F20624 /* Bundle+.swift */ = {isa = PBXFileReference; lastKnownFileType = sourcecode.swift; path = "Bundle+.swift"; sourceTree = "<group>"; };
		C7BDE02C2B4061FE00F20624 /* RateDTO.swift */ = {isa = PBXFileReference; lastKnownFileType = sourcecode.swift; path = RateDTO.swift; sourceTree = "<group>"; };
		C7C35C9F2B3F2D400079DBFF /* quChina.app */ = {isa = PBXFileReference; explicitFileType = wrapper.application; includeInIndex = 0; path = quChina.app; sourceTree = BUILT_PRODUCTS_DIR; };
		C7C35CA22B3F2D400079DBFF /* quChinaApp.swift */ = {isa = PBXFileReference; lastKnownFileType = sourcecode.swift; path = quChinaApp.swift; sourceTree = "<group>"; };
		C7C35CA42B3F2D400079DBFF /* ContentView.swift */ = {isa = PBXFileReference; lastKnownFileType = sourcecode.swift; path = ContentView.swift; sourceTree = "<group>"; };
		C7C35CA62B3F2D410079DBFF /* Assets.xcassets */ = {isa = PBXFileReference; lastKnownFileType = folder.assetcatalog; path = Assets.xcassets; sourceTree = "<group>"; };
		C7C35CA92B3F2D410079DBFF /* Preview Assets.xcassets */ = {isa = PBXFileReference; lastKnownFileType = folder.assetcatalog; path = "Preview Assets.xcassets"; sourceTree = "<group>"; };
		C7C35CB52B3F2ECB0079DBFF /* Colors.xcassets */ = {isa = PBXFileReference; lastKnownFileType = folder.assetcatalog; path = Colors.xcassets; sourceTree = "<group>"; };
		C7C35CB72B3F30D70079DBFF /* Color+.swift */ = {isa = PBXFileReference; lastKnownFileType = sourcecode.swift; path = "Color+.swift"; sourceTree = "<group>"; };
/* End PBXFileReference section */

/* Begin PBXFrameworksBuildPhase section */
		C7C35C9C2B3F2D400079DBFF /* Frameworks */ = {
			isa = PBXFrameworksBuildPhase;
			buildActionMask = 2147483647;
			files = (
			);
			runOnlyForDeploymentPostprocessing = 0;
		};
/* End PBXFrameworksBuildPhase section */

/* Begin PBXGroup section */
		C7A364FC2B415D5A00663BFD /* Network */ = {
			isa = PBXGroup;
			children = (
				C7A364FD2B415D7300663BFD /* Endpoint.swift */,
				C7A364FF2B415E4000663BFD /* ChinaPriceRequest.swift */,
			);
			path = Network;
			sourceTree = "<group>";
		};
		C7AECB2A2B428323000F5424 /* Translate */ = {
			isa = PBXGroup;
			children = (
				C7AECB2B2B42832F000F5424 /* TranslateView.swift */,
				C76593CC2B4A734300FE2A60 /* TranslateViewModel.swift */,
			);
			path = Translate;
			sourceTree = "<group>";
		};
		C7BDE0212B401D2100F20624 /* Rate */ = {
			isa = PBXGroup;
			children = (
				C7BDE0222B401D2F00F20624 /* RateView.swift */,
				C7BDE0242B401D4500F20624 /* RateViewModel.swift */,
			);
			path = Rate;
			sourceTree = "<group>";
		};
		C7BDE02B2B4060FC00F20624 /* DTO */ = {
			isa = PBXGroup;
			children = (
				C7BDE02C2B4061FE00F20624 /* RateDTO.swift */,
			);
			path = DTO;
			sourceTree = "<group>";
		};
		C7C35C962B3F2D400079DBFF = {
			isa = PBXGroup;
			children = (
				C7BDE0272B40596000F20624 /* SecretKey.plist */,
				C7C35CA12B3F2D400079DBFF /* quChina */,
				C7C35CA02B3F2D400079DBFF /* Products */,
			);
			sourceTree = "<group>";
		};
		C7C35CA02B3F2D400079DBFF /* Products */ = {
			isa = PBXGroup;
			children = (
				C7C35C9F2B3F2D400079DBFF /* quChina.app */,
			);
			name = Products;
			sourceTree = "<group>";
		};
		C7C35CA12B3F2D400079DBFF /* quChina */ = {
			isa = PBXGroup;
			children = (
				C7C35CB42B3F2E9A0079DBFF /* Resource */,
				C7C35CB32B3F2E8A0079DBFF /* Models */,
				C7A364FC2B415D5A00663BFD /* Network */,
				C7C35CB22B3F2E580079DBFF /* Service */,
				C7C35CB12B3F2E500079DBFF /* Extensions */,
				C7C35CB02B3F2E490079DBFF /* Views */,
				C7C35CA22B3F2D400079DBFF /* quChinaApp.swift */,
				C7C35CA42B3F2D400079DBFF /* ContentView.swift */,
				C7C35CA82B3F2D410079DBFF /* Preview Content */,
			);
			path = quChina;
			sourceTree = "<group>";
		};
		C7C35CA82B3F2D410079DBFF /* Preview Content */ = {
			isa = PBXGroup;
			children = (
				C7C35CA92B3F2D410079DBFF /* Preview Assets.xcassets */,
			);
			path = "Preview Content";
			sourceTree = "<group>";
		};
		C7C35CB02B3F2E490079DBFF /* Views */ = {
			isa = PBXGroup;
			children = (
				C7AECB2A2B428323000F5424 /* Translate */,
				C7BDE0212B401D2100F20624 /* Rate */,
				C7BDE01F2B401D0A00F20624 /* MainTabView.swift */,
				C72F78AF2B440CAF000A226C /* Triangle.swift */,
			);
			path = Views;
			sourceTree = "<group>";
		};
		C7C35CB12B3F2E500079DBFF /* Extensions */ = {
			isa = PBXGroup;
			children = (
				C7C35CB72B3F30D70079DBFF /* Color+.swift */,
				C7BDE0292B405ACF00F20624 /* Bundle+.swift */,
				C7AECB2F2B429E5E000F5424 /* String+.swift */,
				C7AECB2D2B429BFC000F5424 /* Date+.swift */,
			);
			path = Extensions;
			sourceTree = "<group>";
		};
		C7C35CB22B3F2E580079DBFF /* Service */ = {
			isa = PBXGroup;
			children = (
				C7918A832B408CF500947483 /* RateService.swift */,
				C7A364FA2B414C6B00663BFD /* NetworkError.swift */,
			);
			path = Service;
			sourceTree = "<group>";
		};
		C7C35CB32B3F2E8A0079DBFF /* Models */ = {
			isa = PBXGroup;
			children = (
				C7BDE02B2B4060FC00F20624 /* DTO */,
				C7A364F82B413EE700663BFD /* ExchangeRateModel.swift */,
			);
			path = Models;
			sourceTree = "<group>";
		};
		C7C35CB42B3F2E9A0079DBFF /* Resource */ = {
			isa = PBXGroup;
			children = (
				C7C35CA62B3F2D410079DBFF /* Assets.xcassets */,
				C7C35CB52B3F2ECB0079DBFF /* Colors.xcassets */,
			);
			path = Resource;
			sourceTree = "<group>";
		};
/* End PBXGroup section */

/* Begin PBXNativeTarget section */
		C7C35C9E2B3F2D400079DBFF /* quChina */ = {
			isa = PBXNativeTarget;
			buildConfigurationList = C7C35CAD2B3F2D410079DBFF /* Build configuration list for PBXNativeTarget "quChina" */;
			buildPhases = (
				C7C35C9B2B3F2D400079DBFF /* Sources */,
				C7C35C9C2B3F2D400079DBFF /* Frameworks */,
				C7C35C9D2B3F2D400079DBFF /* Resources */,
			);
			buildRules = (
			);
			dependencies = (
			);
			name = quChina;
			productName = quChina;
			productReference = C7C35C9F2B3F2D400079DBFF /* quChina.app */;
			productType = "com.apple.product-type.application";
		};
/* End PBXNativeTarget section */

/* Begin PBXProject section */
		C7C35C972B3F2D400079DBFF /* Project object */ = {
			isa = PBXProject;
			attributes = {
				BuildIndependentTargetsInParallel = 1;
				LastSwiftUpdateCheck = 1510;
				LastUpgradeCheck = 1510;
				TargetAttributes = {
					C7C35C9E2B3F2D400079DBFF = {
						CreatedOnToolsVersion = 15.1;
					};
				};
			};
			buildConfigurationList = C7C35C9A2B3F2D400079DBFF /* Build configuration list for PBXProject "quChina" */;
			compatibilityVersion = "Xcode 14.0";
			developmentRegion = en;
			hasScannedForEncodings = 0;
			knownRegions = (
				en,
				Base,
			);
			mainGroup = C7C35C962B3F2D400079DBFF;
			productRefGroup = C7C35CA02B3F2D400079DBFF /* Products */;
			projectDirPath = "";
			projectRoot = "";
			targets = (
				C7C35C9E2B3F2D400079DBFF /* quChina */,
			);
		};
/* End PBXProject section */

/* Begin PBXResourcesBuildPhase section */
		C7C35C9D2B3F2D400079DBFF /* Resources */ = {
			isa = PBXResourcesBuildPhase;
			buildActionMask = 2147483647;
			files = (
				C7C35CB62B3F2ECB0079DBFF /* Colors.xcassets in Resources */,
				C7BDE0282B40596000F20624 /* SecretKey.plist in Resources */,
				C7C35CAA2B3F2D410079DBFF /* Preview Assets.xcassets in Resources */,
				C7C35CA72B3F2D410079DBFF /* Assets.xcassets in Resources */,
			);
			runOnlyForDeploymentPostprocessing = 0;
		};
/* End PBXResourcesBuildPhase section */

/* Begin PBXSourcesBuildPhase section */
		C7C35C9B2B3F2D400079DBFF /* Sources */ = {
			isa = PBXSourcesBuildPhase;
			buildActionMask = 2147483647;
			files = (
				C7A364F92B413EE700663BFD /* ExchangeRateModel.swift in Sources */,
				C7C35CA52B3F2D400079DBFF /* ContentView.swift in Sources */,
				C7BDE02A2B405ACF00F20624 /* Bundle+.swift in Sources */,
				C76593CD2B4A734300FE2A60 /* TranslateViewModel.swift in Sources */,
				C7BDE0232B401D2F00F20624 /* RateView.swift in Sources */,
				C7918A842B408CF500947483 /* RateService.swift in Sources */,
				C7AECB2C2B42832F000F5424 /* TranslateView.swift in Sources */,
				C72F78B02B440CAF000A226C /* Triangle.swift in Sources */,
				C7BDE02D2B4061FE00F20624 /* RateDTO.swift in Sources */,
				C7AECB302B429E5E000F5424 /* String+.swift in Sources */,
				C7C35CB82B3F30D70079DBFF /* Color+.swift in Sources */,
				C7C35CA32B3F2D400079DBFF /* quChinaApp.swift in Sources */,
				C7BDE0252B401D4500F20624 /* RateViewModel.swift in Sources */,
				C7A364FB2B414C6B00663BFD /* NetworkError.swift in Sources */,
				C7A364FE2B415D7300663BFD /* Endpoint.swift in Sources */,
				C7AECB2E2B429BFC000F5424 /* Date+.swift in Sources */,
				C7A365002B415E4000663BFD /* ChinaPriceRequest.swift in Sources */,
				C7BDE0202B401D0A00F20624 /* MainTabView.swift in Sources */,
			);
			runOnlyForDeploymentPostprocessing = 0;
		};
/* End PBXSourcesBuildPhase section */

/* Begin XCBuildConfiguration section */
		C7C35CAB2B3F2D410079DBFF /* Debug */ = {
			isa = XCBuildConfiguration;
			buildSettings = {
				ALWAYS_SEARCH_USER_PATHS = NO;
				ASSETCATALOG_COMPILER_GENERATE_SWIFT_ASSET_SYMBOL_EXTENSIONS = YES;
				CLANG_ANALYZER_NONNULL = YES;
				CLANG_ANALYZER_NUMBER_OBJECT_CONVERSION = YES_AGGRESSIVE;
				CLANG_CXX_LANGUAGE_STANDARD = "gnu++20";
				CLANG_ENABLE_MODULES = YES;
				CLANG_ENABLE_OBJC_ARC = YES;
				CLANG_ENABLE_OBJC_WEAK = YES;
				CLANG_WARN_BLOCK_CAPTURE_AUTORELEASING = YES;
				CLANG_WARN_BOOL_CONVERSION = YES;
				CLANG_WARN_COMMA = YES;
				CLANG_WARN_CONSTANT_CONVERSION = YES;
				CLANG_WARN_DEPRECATED_OBJC_IMPLEMENTATIONS = YES;
				CLANG_WARN_DIRECT_OBJC_ISA_USAGE = YES_ERROR;
				CLANG_WARN_DOCUMENTATION_COMMENTS = YES;
				CLANG_WARN_EMPTY_BODY = YES;
				CLANG_WARN_ENUM_CONVERSION = YES;
				CLANG_WARN_INFINITE_RECURSION = YES;
				CLANG_WARN_INT_CONVERSION = YES;
				CLANG_WARN_NON_LITERAL_NULL_CONVERSION = YES;
				CLANG_WARN_OBJC_IMPLICIT_RETAIN_SELF = YES;
				CLANG_WARN_OBJC_LITERAL_CONVERSION = YES;
				CLANG_WARN_OBJC_ROOT_CLASS = YES_ERROR;
				CLANG_WARN_QUOTED_INCLUDE_IN_FRAMEWORK_HEADER = YES;
				CLANG_WARN_RANGE_LOOP_ANALYSIS = YES;
				CLANG_WARN_STRICT_PROTOTYPES = YES;
				CLANG_WARN_SUSPICIOUS_MOVE = YES;
				CLANG_WARN_UNGUARDED_AVAILABILITY = YES_AGGRESSIVE;
				CLANG_WARN_UNREACHABLE_CODE = YES;
				CLANG_WARN__DUPLICATE_METHOD_MATCH = YES;
				COPY_PHASE_STRIP = NO;
				DEBUG_INFORMATION_FORMAT = dwarf;
				ENABLE_STRICT_OBJC_MSGSEND = YES;
				ENABLE_TESTABILITY = YES;
				ENABLE_USER_SCRIPT_SANDBOXING = YES;
				GCC_C_LANGUAGE_STANDARD = gnu17;
				GCC_DYNAMIC_NO_PIC = NO;
				GCC_NO_COMMON_BLOCKS = YES;
				GCC_OPTIMIZATION_LEVEL = 0;
				GCC_PREPROCESSOR_DEFINITIONS = (
					"DEBUG=1",
					"$(inherited)",
				);
				GCC_WARN_64_TO_32_BIT_CONVERSION = YES;
				GCC_WARN_ABOUT_RETURN_TYPE = YES_ERROR;
				GCC_WARN_UNDECLARED_SELECTOR = YES;
				GCC_WARN_UNINITIALIZED_AUTOS = YES_AGGRESSIVE;
				GCC_WARN_UNUSED_FUNCTION = YES;
				GCC_WARN_UNUSED_VARIABLE = YES;
				IPHONEOS_DEPLOYMENT_TARGET = 17.2;
				LOCALIZATION_PREFERS_STRING_CATALOGS = YES;
				MTL_ENABLE_DEBUG_INFO = INCLUDE_SOURCE;
				MTL_FAST_MATH = YES;
				ONLY_ACTIVE_ARCH = YES;
				SDKROOT = iphoneos;
				SWIFT_ACTIVE_COMPILATION_CONDITIONS = "DEBUG $(inherited)";
				SWIFT_OPTIMIZATION_LEVEL = "-Onone";
			};
			name = Debug;
		};
		C7C35CAC2B3F2D410079DBFF /* Release */ = {
			isa = XCBuildConfiguration;
			buildSettings = {
				ALWAYS_SEARCH_USER_PATHS = NO;
				ASSETCATALOG_COMPILER_GENERATE_SWIFT_ASSET_SYMBOL_EXTENSIONS = YES;
				CLANG_ANALYZER_NONNULL = YES;
				CLANG_ANALYZER_NUMBER_OBJECT_CONVERSION = YES_AGGRESSIVE;
				CLANG_CXX_LANGUAGE_STANDARD = "gnu++20";
				CLANG_ENABLE_MODULES = YES;
				CLANG_ENABLE_OBJC_ARC = YES;
				CLANG_ENABLE_OBJC_WEAK = YES;
				CLANG_WARN_BLOCK_CAPTURE_AUTORELEASING = YES;
				CLANG_WARN_BOOL_CONVERSION = YES;
				CLANG_WARN_COMMA = YES;
				CLANG_WARN_CONSTANT_CONVERSION = YES;
				CLANG_WARN_DEPRECATED_OBJC_IMPLEMENTATIONS = YES;
				CLANG_WARN_DIRECT_OBJC_ISA_USAGE = YES_ERROR;
				CLANG_WARN_DOCUMENTATION_COMMENTS = YES;
				CLANG_WARN_EMPTY_BODY = YES;
				CLANG_WARN_ENUM_CONVERSION = YES;
				CLANG_WARN_INFINITE_RECURSION = YES;
				CLANG_WARN_INT_CONVERSION = YES;
				CLANG_WARN_NON_LITERAL_NULL_CONVERSION = YES;
				CLANG_WARN_OBJC_IMPLICIT_RETAIN_SELF = YES;
				CLANG_WARN_OBJC_LITERAL_CONVERSION = YES;
				CLANG_WARN_OBJC_ROOT_CLASS = YES_ERROR;
				CLANG_WARN_QUOTED_INCLUDE_IN_FRAMEWORK_HEADER = YES;
				CLANG_WARN_RANGE_LOOP_ANALYSIS = YES;
				CLANG_WARN_STRICT_PROTOTYPES = YES;
				CLANG_WARN_SUSPICIOUS_MOVE = YES;
				CLANG_WARN_UNGUARDED_AVAILABILITY = YES_AGGRESSIVE;
				CLANG_WARN_UNREACHABLE_CODE = YES;
				CLANG_WARN__DUPLICATE_METHOD_MATCH = YES;
				COPY_PHASE_STRIP = NO;
				DEBUG_INFORMATION_FORMAT = "dwarf-with-dsym";
				ENABLE_NS_ASSERTIONS = NO;
				ENABLE_STRICT_OBJC_MSGSEND = YES;
				ENABLE_USER_SCRIPT_SANDBOXING = YES;
				GCC_C_LANGUAGE_STANDARD = gnu17;
				GCC_NO_COMMON_BLOCKS = YES;
				GCC_WARN_64_TO_32_BIT_CONVERSION = YES;
				GCC_WARN_ABOUT_RETURN_TYPE = YES_ERROR;
				GCC_WARN_UNDECLARED_SELECTOR = YES;
				GCC_WARN_UNINITIALIZED_AUTOS = YES_AGGRESSIVE;
				GCC_WARN_UNUSED_FUNCTION = YES;
				GCC_WARN_UNUSED_VARIABLE = YES;
				IPHONEOS_DEPLOYMENT_TARGET = 17.2;
				LOCALIZATION_PREFERS_STRING_CATALOGS = YES;
				MTL_ENABLE_DEBUG_INFO = NO;
				MTL_FAST_MATH = YES;
				SDKROOT = iphoneos;
				SWIFT_COMPILATION_MODE = wholemodule;
				VALIDATE_PRODUCT = YES;
			};
			name = Release;
		};
		C7C35CAE2B3F2D410079DBFF /* Debug */ = {
			isa = XCBuildConfiguration;
			buildSettings = {
				ASSETCATALOG_COMPILER_APPICON_NAME = AppIcon;
				ASSETCATALOG_COMPILER_GLOBAL_ACCENT_COLOR_NAME = AccentColor;
				CODE_SIGN_STYLE = Automatic;
				CURRENT_PROJECT_VERSION = 1;
				DEVELOPMENT_ASSET_PATHS = "\"quChina/Preview Content\"";
				DEVELOPMENT_TEAM = NG2NLR2Z86;
				ENABLE_PREVIEWS = YES;
				GENERATE_INFOPLIST_FILE = YES;
				INFOPLIST_KEY_UIApplicationSceneManifest_Generation = YES;
				INFOPLIST_KEY_UIApplicationSupportsIndirectInputEvents = YES;
				INFOPLIST_KEY_UILaunchScreen_Generation = YES;
				INFOPLIST_KEY_UISupportedInterfaceOrientations_iPad = "UIInterfaceOrientationPortrait UIInterfaceOrientationPortraitUpsideDown UIInterfaceOrientationLandscapeLeft UIInterfaceOrientationLandscapeRight";
				INFOPLIST_KEY_UISupportedInterfaceOrientations_iPhone = "UIInterfaceOrientationPortrait UIInterfaceOrientationLandscapeLeft UIInterfaceOrientationLandscapeRight";
				LD_RUNPATH_SEARCH_PATHS = (
					"$(inherited)",
					"@executable_path/Frameworks",
				);
				MARKETING_VERSION = 1.0;
				PRODUCT_BUNDLE_IDENTIFIER = Sunho.quChina;
				PRODUCT_NAME = "$(TARGET_NAME)";
				SWIFT_EMIT_LOC_STRINGS = YES;
				SWIFT_VERSION = 5.0;
				TARGETED_DEVICE_FAMILY = "1,2";
			};
			name = Debug;
		};
		C7C35CAF2B3F2D410079DBFF /* Release */ = {
			isa = XCBuildConfiguration;
			buildSettings = {
				ASSETCATALOG_COMPILER_APPICON_NAME = AppIcon;
				ASSETCATALOG_COMPILER_GLOBAL_ACCENT_COLOR_NAME = AccentColor;
				CODE_SIGN_STYLE = Automatic;
				CURRENT_PROJECT_VERSION = 1;
				DEVELOPMENT_ASSET_PATHS = "\"quChina/Preview Content\"";
				DEVELOPMENT_TEAM = NG2NLR2Z86;
				ENABLE_PREVIEWS = YES;
				GENERATE_INFOPLIST_FILE = YES;
				INFOPLIST_KEY_UIApplicationSceneManifest_Generation = YES;
				INFOPLIST_KEY_UIApplicationSupportsIndirectInputEvents = YES;
				INFOPLIST_KEY_UILaunchScreen_Generation = YES;
				INFOPLIST_KEY_UISupportedInterfaceOrientations_iPad = "UIInterfaceOrientationPortrait UIInterfaceOrientationPortraitUpsideDown UIInterfaceOrientationLandscapeLeft UIInterfaceOrientationLandscapeRight";
				INFOPLIST_KEY_UISupportedInterfaceOrientations_iPhone = "UIInterfaceOrientationPortrait UIInterfaceOrientationLandscapeLeft UIInterfaceOrientationLandscapeRight";
				LD_RUNPATH_SEARCH_PATHS = (
					"$(inherited)",
					"@executable_path/Frameworks",
				);
				MARKETING_VERSION = 1.0;
				PRODUCT_BUNDLE_IDENTIFIER = Sunho.quChina;
				PRODUCT_NAME = "$(TARGET_NAME)";
				SWIFT_EMIT_LOC_STRINGS = YES;
				SWIFT_VERSION = 5.0;
				TARGETED_DEVICE_FAMILY = "1,2";
			};
			name = Release;
		};
/* End XCBuildConfiguration section */

/* Begin XCConfigurationList section */
		C7C35C9A2B3F2D400079DBFF /* Build configuration list for PBXProject "quChina" */ = {
			isa = XCConfigurationList;
			buildConfigurations = (
				C7C35CAB2B3F2D410079DBFF /* Debug */,
				C7C35CAC2B3F2D410079DBFF /* Release */,
			);
			defaultConfigurationIsVisible = 0;
			defaultConfigurationName = Release;
		};
		C7C35CAD2B3F2D410079DBFF /* Build configuration list for PBXNativeTarget "quChina" */ = {
			isa = XCConfigurationList;
			buildConfigurations = (
				C7C35CAE2B3F2D410079DBFF /* Debug */,
				C7C35CAF2B3F2D410079DBFF /* Release */,
			);
			defaultConfigurationIsVisible = 0;
			defaultConfigurationName = Release;
		};
/* End XCConfigurationList section */
	};
	rootObject = C7C35C972B3F2D400079DBFF /* Project object */;
}
